
Microsoft Visual Studio Solution File, Format Version 12.00
# Visual Studio Version 17
VisualStudioVersion = 17.7.34202.233
MinimumVisualStudioVersion = 10.0.40219.1
Project("{54A90642-561A-4BB1-A94E-469ADEE60C69}") = "reactapp", "reactapp\reactapp.esproj", "{E621E497-B4E5-4AC9-A99C-E324CA219E8D}"
EndProject
Project("{9A19103F-16F7-4668-BE54-9A1E7A4F7556}") = "webapi", "webapi\webapi.csproj", "{3F2478CE-3587-4962-B597-EA7815B17557}"
EndProject
Global
	GlobalSection(SolutionConfigurationPlatforms) = preSolution
		Debug|Any CPU = Debug|Any CPU
		Release|Any CPU = Release|Any CPU
	EndGlobalSection
	GlobalSection(ProjectConfigurationPlatforms) = postSolution
		{E621E497-B4E5-4AC9-A99C-E324CA219E8D}.Debug|Any CPU.ActiveCfg = Debug|Any CPU
		{E621E497-B4E5-4AC9-A99C-E324CA219E8D}.Debug|Any CPU.Build.0 = Debug|Any CPU
		{E621E497-B4E5-4AC9-A99C-E324CA219E8D}.Debug|Any CPU.Deploy.0 = Debug|Any CPU
		{E621E497-B4E5-4AC9-A99C-E324CA219E8D}.Release|Any CPU.ActiveCfg = Release|Any CPU
		{E621E497-B4E5-4AC9-A99C-E324CA219E8D}.Release|Any CPU.Build.0 = Release|Any CPU
		{E621E497-B4E5-4AC9-A99C-E324CA219E8D}.Release|Any CPU.Deploy.0 = Release|Any CPU
		{3F2478CE-3587-4962-B597-EA7815B17557}.Debug|Any CPU.ActiveCfg = Debug|Any CPU
		{3F2478CE-3587-4962-B597-EA7815B17557}.Debug|Any CPU.Build.0 = Debug|Any CPU
		{3F2478CE-3587-4962-B597-EA7815B17557}.Release|Any CPU.ActiveCfg = Release|Any CPU
		{3F2478CE-3587-4962-B597-EA7815B17557}.Release|Any CPU.Build.0 = Release|Any CPU
	EndGlobalSection
	GlobalSection(SolutionProperties) = preSolution
		HideSolutionNode = FALSE
	EndGlobalSection
	GlobalSection(ExtensibilityGlobals) = postSolution
		SolutionGuid = {75D1DD91-E5F1-421F-9557-56DEDDE14BA9}
	EndGlobalSection
EndGlobal
